{
  "originHash" : "064b76ec8e2a154b1fbc670a6571a626cb5db0bdb079ca0da4d41dc0f2e712de",
  "pins" : [
    {
      "identity" : "compactslider",
      "kind" : "remoteSourceControl",
      "location" : "https://github.com/buh/CompactSlider.git",
      "state" : {
        "revision" : "52a01bd09156152881c53ba235c862e3bf5690b1",
        "version" : "2.1.0"
      }
    },
    {
      "identity" : "pythonkit",
      "kind" : "remoteSourceControl",
      "location" : "https://github.com/pvieito/PythonKit.git",
      "state" : {
        "branch" : "master",
        "revision" : "d030b5193d1e4e770156deb27865773b64c5695f"
      }
    }
  ],
  "version" : 3
}
