// !$*UTF8*$!
{
	archiveVersion = 1;
	classes = {
	};
	objectVersion = 77;
	objects = {

/* Begin PBXBuildFile section */
		01D7394CB1127DDAFAE38060 /* SettingsPanelView.swift in Sources */ = {isa = PBXBuildFile; fileRef = 7B4B0E69F25CBAFA4C0B8F6E /* SettingsPanelView.swift */; };
		06E133A552895E1560263B62 /* TextGeneration.swift in Sources */ = {isa = PBXBuildFile; fileRef = 9DFE39EB2F60EB64E5190D0E /* TextGeneration.swift */; };
		0E9398AE32C814E4C7DEF9CB /* README.md in Resources */ = {isa = PBXBuildFile; fileRef = E493E6A783430EC1B5DCD13C /* README.md */; };
		124D5468383A95000BA16898 /* TextRenderer.swift in Sources */ = {isa = PBXBuildFile; fileRef = 05376B8902F7416C8F3FFD22 /* TextRenderer.swift */; };
		21C09CBC972E6F495E0A7326 /* Assets.car in Resources */ = {isa = PBXBuildFile; fileRef = 97840A987134E3D7752BC503 /* Assets.car */; };
		27E33FE39DA57A7C34AF4460 /* SubstitutionOverviewHandler.swift in Sources */ = {isa = PBXBuildFile; fileRef = 9E79E8F173A51D991F7E11D0 /* SubstitutionOverviewHandler.swift */; };
		2D1FC97C23A2CF0042055394 /* HoverComponents.swift in Sources */ = {isa = PBXBuildFile; fileRef = 9149A97ACE7210EC141D56B7 /* HoverComponents.swift */; };
		2E1F606AC843602F4C5E60CA /* TypeProofingApp.swift in Sources */ = {isa = PBXBuildFile; fileRef = 01C9B31020CDF64BC53338BE /* TypeProofingApp.swift */; };
		2EB6F7B9AFBA876B757CAD8B /* ProofRegistry.swift in Sources */ = {isa = PBXBuildFile; fileRef = 287884EA51D43FCCCEAB6F84 /* ProofRegistry.swift */; };
		310FE15D73EEDCF9C6C08195 /* PreviewCoordinator.swift in Sources */ = {isa = PBXBuildFile; fileRef = DF0A080F064F287805B720FC /* PreviewCoordinator.swift */; };
		38B4777F7E10599BBCAF4709 /* TypeProofing.icns in Resources */ = {isa = PBXBuildFile; fileRef = 3D33E010FA40B61EFD0077A8 /* TypeProofing.icns */; };
		3D74AB9AD80AA0E7F4CF0D3D /* AutoSizing.swift in Sources */ = {isa = PBXBuildFile; fileRef = FA1A8CE1E331CC135977A794 /* AutoSizing.swift */; };
		43E7BC229EB9768F13C0F01F /* AppState.swift in Sources */ = {isa = PBXBuildFile; fileRef = 90438448008FA276EEC20F55 /* AppState.swift */; };
		457FF62F4F3CCE0E91736B14 /* ContentView.swift in Sources */ = {isa = PBXBuildFile; fileRef = 48C400F557AD777FB0D600E6 /* ContentView.swift */; };
		50A0851CFC5E9C78F388FEA3 /* StandardTextProofHandler.swift in Sources */ = {isa = PBXBuildFile; fileRef = DDC0ABE964A6A37B5C6CBA33 /* StandardTextProofHandler.swift */; };
		5488A51BBC4C8CEFEDBF0B7F /* FontAxesView.swift in Sources */ = {isa = PBXBuildFile; fileRef = B0F272E6A94B474DD21D5D59 /* FontAxesView.swift */; };
		5C2C5BB759A10148FDA051E1 /* ProofKeyTests.swift in Sources */ = {isa = PBXBuildFile; fileRef = 9CA3DEF34F455645E68CFC17 /* ProofKeyTests.swift */; };
		5F2F26533D430C28E37DDC07 /* NativeLibTests.swift in Sources */ = {isa = PBXBuildFile; fileRef = E8E1E4B6126B6875A3B0B8A4 /* NativeLibTests.swift */; };
		6253C1D975968BD80E841073 /* FontLoader.swift in Sources */ = {isa = PBXBuildFile; fileRef = 0DACA62EBD634A63F96866A5 /* FontLoader.swift */; };
		66DD1E15762DD3C09DA6AA64 /* MarkupRenderer.swift in Sources */ = {isa = PBXBuildFile; fileRef = 8B81305C0FA41A952118E025 /* MarkupRenderer.swift */; };
		715D052D7C5F69805DE3672A /* TypeProofing.icon in Resources */ = {isa = PBXBuildFile; fileRef = C4D7DBC1455476D39F561233 /* TypeProofing.icon */; };
		71A67F205B144DEFBCBD821B /* MarkupParser.swift in Sources */ = {isa = PBXBuildFile; fileRef = 637D42E4A5FDEB7E3048C469 /* MarkupParser.swift */; };
		7A6BE132E1E3936AFBD08415 /* PDFViewerView.swift in Sources */ = {isa = PBXBuildFile; fileRef = E8FB027921231229D0CEAE7D /* PDFViewerView.swift */; };
		7B1B1C7A8709043BFD7DD199 /* CategoryBasedProofHandler.swift in Sources */ = {isa = PBXBuildFile; fileRef = 847EA2F6D0EBBFEACD4E513E /* CategoryBasedProofHandler.swift */; };
		7F08D0154437415AF5171C3A /* CompactSlider in Frameworks */ = {isa = PBXBuildFile; productRef = 8006429CDD05A4A2BF2649AA /* CompactSlider */; };
		82C4CA005FD6D556C4B9743E /* FontStyleSelectionViews.swift in Sources */ = {isa = PBXBuildFile; fileRef = 20244E9C11E156EFEECBE024 /* FontStyleSelectionViews.swift */; };
		83F1C4A4127809CFC5F250F6 /* PremadeTexts.swift in Sources */ = {isa = PBXBuildFile; fileRef = 10DEC58529E1464FA15C0DF4 /* PremadeTexts.swift */; };
		869506F19966BC4F35BB8FF3 /* MarkupParserTests.swift in Sources */ = {isa = PBXBuildFile; fileRef = 2FE29A3FC52B8B0F55D20ABD /* MarkupParserTests.swift */; };
		880D61EF3AA51984F5346902 /* FontSortBar.swift in Sources */ = {isa = PBXBuildFile; fileRef = D4FC692BC2E944259717D652 /* FontSortBar.swift */; };
		93BCBF733AD54165757D9FA2 /* StylePairing.swift in Sources */ = {isa = PBXBuildFile; fileRef = 484CD527A6DEB09611556AC5 /* StylePairing.swift */; };
		95D0EB1AEABF12F46DCC7153 /* FontsSection.swift in Sources */ = {isa = PBXBuildFile; fileRef = 273F6D02473AD733F5E06051 /* FontsSection.swift */; };
		9B04D2520B52A9656AB91FBD /* FontSortCriterion.swift in Sources */ = {isa = PBXBuildFile; fileRef = 952879886E2B5AED1734715E /* FontSortCriterion.swift */; };
		9CCC61FC3515794C633AA542 /* CharacterCategorizer.swift in Sources */ = {isa = PBXBuildFile; fileRef = 6D94825326F627660F1F94DA /* CharacterCategorizer.swift */; };
		9E16D951EF91048A581F455B /* BaselineGrid.swift in Sources */ = {isa = PBXBuildFile; fileRef = 139D72EDD338C62C3A1A36E1 /* BaselineGrid.swift */; };
		9E787FB53F11627158613C87 /* SettingsPanelUITests.swift in Sources */ = {isa = PBXBuildFile; fileRef = D7B45C6D0EF3F226D95AF506 /* SettingsPanelUITests.swift */; };
		AC25D54500E6445CC063E8A1 /* ProofEngine.swift in Sources */ = {isa = PBXBuildFile; fileRef = 8FD87BE6E04F0FA9E7911E43 /* ProofEngine.swift */; };
		AD1BD609EA57591212850E8C /* CustomTextProofHandler.swift in Sources */ = {isa = PBXBuildFile; fileRef = ADAD0A47714C0E24BA6AA034 /* CustomTextProofHandler.swift */; };
		B8DB1279EF622CD1F846D51E /* NativeRendererTests.swift in Sources */ = {isa = PBXBuildFile; fileRef = FAD87F134E9B8DBB8F2496C5 /* NativeRendererTests.swift */; };
		BB22BF8CA14517A1807EDC8B /* MultiStyleComparisonHandler.swift in Sources */ = {isa = PBXBuildFile; fileRef = 068C71B7A6A8171F727C3909 /* MultiStyleComparisonHandler.swift */; };
		BB4B694E5E2FDD2EA2DBC5BE /* StandardTextProofHandlerTests.swift in Sources */ = {isa = PBXBuildFile; fileRef = 20072FA10054DB4F8288FFD8 /* StandardTextProofHandlerTests.swift */; };
		C31BBFD6AE06BD76CAB4371A /* ProofHandler.swift in Sources */ = {isa = PBXBuildFile; fileRef = A54C94146CA123380C90AD6A /* ProofHandler.swift */; };
		C41270685BDB2A73E78F40EE /* SidebarListRow.swift in Sources */ = {isa = PBXBuildFile; fileRef = 060B814C28C6D21DD4FD0240 /* SidebarListRow.swift */; };
		C4C20F3DA3D399F94DD4A540 /* PageLayout.swift in Sources */ = {isa = PBXBuildFile; fileRef = AE5EA27AB3815562B5010FDB /* PageLayout.swift */; };
		CA97A1D89D6983F077D330E4 /* SidebarProofsUITests.swift in Sources */ = {isa = PBXBuildFile; fileRef = A23EF8E2D87DC6BA2B05BCFC /* SidebarProofsUITests.swift */; };
		CD23AE3576C1F1ABE9992E1D /* ArabicProofHandler.swift in Sources */ = {isa = PBXBuildFile; fileRef = E08999EA3927372A07ED47C4 /* ArabicProofHandler.swift */; };
		CDBEC215222250315A9455BA /* DiagnosticEventTests.swift in Sources */ = {isa = PBXBuildFile; fileRef = F45325CD2D0F5DE8F5E86AE6 /* DiagnosticEventTests.swift */; };
		CEDF4B94D516B35C8E407464 /* WordSivBridge.swift in Sources */ = {isa = PBXBuildFile; fileRef = 001D9684F32482754BB7F203 /* WordSivBridge.swift */; };
		D94AEFEA10A22A4042E5EDEF /* PDFRenderer.swift in Sources */ = {isa = PBXBuildFile; fileRef = 8DE047F7FA06BAAFDC49B218 /* PDFRenderer.swift */; };
		DD85863B71C3B3C5F5F450C0 /* PageFormatUITests.swift in Sources */ = {isa = PBXBuildFile; fileRef = 04A8C01627880490D4A7E2E2 /* PageFormatUITests.swift */; };
		DD978AF718BE379A244EEB07 /* accented_dictionary.json in Resources */ = {isa = PBXBuildFile; fileRef = ECF1B375578774D615ECE8FB /* accented_dictionary.json */; };
		DEA298B94D1B2EDD940F98EB /* AppIntegrationUITests.swift in Sources */ = {isa = PBXBuildFile; fileRef = BD0FC932935540E76A1FC78A /* AppIntegrationUITests.swift */; };
		E171F8C849E8499416E8235E /* NativeProofOrchestrator.swift in Sources */ = {isa = PBXBuildFile; fileRef = 9A01C3B5A3DAC3CC151E4C5F /* NativeProofOrchestrator.swift */; };
		E32DCA9C5FC9891E84C58AE5 /* SidebarView.swift in Sources */ = {isa = PBXBuildFile; fileRef = CB6A16264E9C08EEB3511CAF /* SidebarView.swift */; };
		F0B35510EF66908784EBB5AC /* NativeRendererVisualTest.swift in Sources */ = {isa = PBXBuildFile; fileRef = 2EB15D5BCE44AC7E010EE7F9 /* NativeRendererVisualTest.swift */; };
		F51968630D9CC31DF8C4D10E /* CategoryBasedProofTests.swift in Sources */ = {isa = PBXBuildFile; fileRef = A4FD3ACDE87DD5BCB1817B49 /* CategoryBasedProofTests.swift */; };
		FD52641F8E8B8E9BBFE05C06 /* SidebarFontsUITests.swift in Sources */ = {isa = PBXBuildFile; fileRef = 9769F1DB175821D894C4A9FC /* SidebarFontsUITests.swift */; };
/* End PBXBuildFile section */

/* Begin PBXContainerItemProxy section */
		14E360DF2C2A09F6F77F2FD3 /* PBXContainerItemProxy */ = {
			isa = PBXContainerItemProxy;
			containerPortal = C2CE3C2E921F89A0B4DC4B21 /* Project object */;
			proxyType = 1;
			remoteGlobalIDString = BAE3CC0C28A554694069DE13;
			remoteInfo = TypeProofing;
		};
		525974258E35A7B9F1A3C840 /* PBXContainerItemProxy */ = {
			isa = PBXContainerItemProxy;
			containerPortal = C2CE3C2E921F89A0B4DC4B21 /* Project object */;
			proxyType = 1;
			remoteGlobalIDString = BAE3CC0C28A554694069DE13;
			remoteInfo = TypeProofing;
		};
/* End PBXContainerItemProxy section */

/* Begin PBXFileReference section */
		001D9684F32482754BB7F203 /* WordSivBridge.swift */ = {isa = PBXFileReference; lastKnownFileType = sourcecode.swift; path = WordSivBridge.swift; sourceTree = "<group>"; };
		01C9B31020CDF64BC53338BE /* TypeProofingApp.swift */ = {isa = PBXFileReference; lastKnownFileType = sourcecode.swift; path = TypeProofingApp.swift; sourceTree = "<group>"; };
		04A8C01627880490D4A7E2E2 /* PageFormatUITests.swift */ = {isa = PBXFileReference; lastKnownFileType = sourcecode.swift; path = PageFormatUITests.swift; sourceTree = "<group>"; };
		05376B8902F7416C8F3FFD22 /* TextRenderer.swift */ = {isa = PBXFileReference; lastKnownFileType = sourcecode.swift; path = TextRenderer.swift; sourceTree = "<group>"; };
		060B814C28C6D21DD4FD0240 /* SidebarListRow.swift */ = {isa = PBXFileReference; lastKnownFileType = sourcecode.swift; path = SidebarListRow.swift; sourceTree = "<group>"; };
		068C71B7A6A8171F727C3909 /* MultiStyleComparisonHandler.swift */ = {isa = PBXFileReference; lastKnownFileType = sourcecode.swift; path = MultiStyleComparisonHandler.swift; sourceTree = "<group>"; };
		0DACA62EBD634A63F96866A5 /* FontLoader.swift */ = {isa = PBXFileReference; lastKnownFileType = sourcecode.swift; path = FontLoader.swift; sourceTree = "<group>"; };
		10DEC58529E1464FA15C0DF4 /* PremadeTexts.swift */ = {isa = PBXFileReference; lastKnownFileType = sourcecode.swift; path = PremadeTexts.swift; sourceTree = "<group>"; };
		139D72EDD338C62C3A1A36E1 /* BaselineGrid.swift */ = {isa = PBXFileReference; lastKnownFileType = sourcecode.swift; path = BaselineGrid.swift; sourceTree = "<group>"; };
		20072FA10054DB4F8288FFD8 /* StandardTextProofHandlerTests.swift */ = {isa = PBXFileReference; lastKnownFileType = sourcecode.swift; path = StandardTextProofHandlerTests.swift; sourceTree = "<group>"; };
		20244E9C11E156EFEECBE024 /* FontStyleSelectionViews.swift */ = {isa = PBXFileReference; lastKnownFileType = sourcecode.swift; path = FontStyleSelectionViews.swift; sourceTree = "<group>"; };
		26064D6ECE40BB87275C3984 /* TypeProofingUITests.xctest */ = {isa = PBXFileReference; explicitFileType = wrapper.cfbundle; includeInIndex = 0; path = TypeProofingUITests.xctest; sourceTree = BUILT_PRODUCTS_DIR; };
		273F6D02473AD733F5E06051 /* FontsSection.swift */ = {isa = PBXFileReference; lastKnownFileType = sourcecode.swift; path = FontsSection.swift; sourceTree = "<group>"; };
		287884EA51D43FCCCEAB6F84 /* ProofRegistry.swift */ = {isa = PBXFileReference; lastKnownFileType = sourcecode.swift; path = ProofRegistry.swift; sourceTree = "<group>"; };
		2EB15D5BCE44AC7E010EE7F9 /* NativeRendererVisualTest.swift */ = {isa = PBXFileReference; lastKnownFileType = sourcecode.swift; path = NativeRendererVisualTest.swift; sourceTree = "<group>"; };
		2FE29A3FC52B8B0F55D20ABD /* MarkupParserTests.swift */ = {isa = PBXFileReference; lastKnownFileType = sourcecode.swift; path = MarkupParserTests.swift; sourceTree = "<group>"; };
		3D33E010FA40B61EFD0077A8 /* TypeProofing.icns */ = {isa = PBXFileReference; lastKnownFileType = image.icns; path = TypeProofing.icns; sourceTree = "<group>"; };
		484CD527A6DEB09611556AC5 /* StylePairing.swift */ = {isa = PBXFileReference; lastKnownFileType = sourcecode.swift; path = StylePairing.swift; sourceTree = "<group>"; };
		48C400F557AD777FB0D600E6 /* ContentView.swift */ = {isa = PBXFileReference; lastKnownFileType = sourcecode.swift; path = ContentView.swift; sourceTree = "<group>"; };
		637D42E4A5FDEB7E3048C469 /* MarkupParser.swift */ = {isa = PBXFileReference; lastKnownFileType = sourcecode.swift; path = MarkupParser.swift; sourceTree = "<group>"; };
		6D94825326F627660F1F94DA /* CharacterCategorizer.swift */ = {isa = PBXFileReference; lastKnownFileType = sourcecode.swift; path = CharacterCategorizer.swift; sourceTree = "<group>"; };
		7B4B0E69F25CBAFA4C0B8F6E /* SettingsPanelView.swift */ = {isa = PBXFileReference; lastKnownFileType = sourcecode.swift; path = SettingsPanelView.swift; sourceTree = "<group>"; };
		7D7FCB2FD81DBACB3AF8E10E /* TypeProofing.app */ = {isa = PBXFileReference; explicitFileType = wrapper.application; includeInIndex = 0; path = TypeProofing.app; sourceTree = BUILT_PRODUCTS_DIR; };
		847EA2F6D0EBBFEACD4E513E /* CategoryBasedProofHandler.swift */ = {isa = PBXFileReference; lastKnownFileType = sourcecode.swift; path = CategoryBasedProofHandler.swift; sourceTree = "<group>"; };
		8B81305C0FA41A952118E025 /* MarkupRenderer.swift */ = {isa = PBXFileReference; lastKnownFileType = sourcecode.swift; path = MarkupRenderer.swift; sourceTree = "<group>"; };
		8DE047F7FA06BAAFDC49B218 /* PDFRenderer.swift */ = {isa = PBXFileReference; lastKnownFileType = sourcecode.swift; path = PDFRenderer.swift; sourceTree = "<group>"; };
		8FD87BE6E04F0FA9E7911E43 /* ProofEngine.swift */ = {isa = PBXFileReference; lastKnownFileType = sourcecode.swift; path = ProofEngine.swift; sourceTree = "<group>"; };
		90438448008FA276EEC20F55 /* AppState.swift */ = {isa = PBXFileReference; lastKnownFileType = sourcecode.swift; path = AppState.swift; sourceTree = "<group>"; };
		9149A97ACE7210EC141D56B7 /* HoverComponents.swift */ = {isa = PBXFileReference; lastKnownFileType = sourcecode.swift; path = HoverComponents.swift; sourceTree = "<group>"; };
		952879886E2B5AED1734715E /* FontSortCriterion.swift */ = {isa = PBXFileReference; lastKnownFileType = sourcecode.swift; path = FontSortCriterion.swift; sourceTree = "<group>"; };
		9769F1DB175821D894C4A9FC /* SidebarFontsUITests.swift */ = {isa = PBXFileReference; lastKnownFileType = sourcecode.swift; path = SidebarFontsUITests.swift; sourceTree = "<group>"; };
		97840A987134E3D7752BC503 /* Assets.car */ = {isa = PBXFileReference; path = Assets.car; sourceTree = "<group>"; };
		9A01C3B5A3DAC3CC151E4C5F /* NativeProofOrchestrator.swift */ = {isa = PBXFileReference; lastKnownFileType = sourcecode.swift; path = NativeProofOrchestrator.swift; sourceTree = "<group>"; };
		9CA3DEF34F455645E68CFC17 /* ProofKeyTests.swift */ = {isa = PBXFileReference; lastKnownFileType = sourcecode.swift; path = ProofKeyTests.swift; sourceTree = "<group>"; };
		9DFE39EB2F60EB64E5190D0E /* TextGeneration.swift */ = {isa = PBXFileReference; lastKnownFileType = sourcecode.swift; path = TextGeneration.swift; sourceTree = "<group>"; };
		9E79E8F173A51D991F7E11D0 /* SubstitutionOverviewHandler.swift */ = {isa = PBXFileReference; lastKnownFileType = sourcecode.swift; path = SubstitutionOverviewHandler.swift; sourceTree = "<group>"; };
		A23EF8E2D87DC6BA2B05BCFC /* SidebarProofsUITests.swift */ = {isa = PBXFileReference; lastKnownFileType = sourcecode.swift; path = SidebarProofsUITests.swift; sourceTree = "<group>"; };
		A4FD3ACDE87DD5BCB1817B49 /* CategoryBasedProofTests.swift */ = {isa = PBXFileReference; lastKnownFileType = sourcecode.swift; path = CategoryBasedProofTests.swift; sourceTree = "<group>"; };
		A54C94146CA123380C90AD6A /* ProofHandler.swift */ = {isa = PBXFileReference; lastKnownFileType = sourcecode.swift; path = ProofHandler.swift; sourceTree = "<group>"; };
		ADAD0A47714C0E24BA6AA034 /* CustomTextProofHandler.swift */ = {isa = PBXFileReference; lastKnownFileType = sourcecode.swift; path = CustomTextProofHandler.swift; sourceTree = "<group>"; };
		AE5EA27AB3815562B5010FDB /* PageLayout.swift */ = {isa = PBXFileReference; lastKnownFileType = sourcecode.swift; path = PageLayout.swift; sourceTree = "<group>"; };
		B0F272E6A94B474DD21D5D59 /* FontAxesView.swift */ = {isa = PBXFileReference; lastKnownFileType = sourcecode.swift; path = FontAxesView.swift; sourceTree = "<group>"; };
		BD0FC932935540E76A1FC78A /* AppIntegrationUITests.swift */ = {isa = PBXFileReference; lastKnownFileType = sourcecode.swift; path = AppIntegrationUITests.swift; sourceTree = "<group>"; };
		C4D7DBC1455476D39F561233 /* TypeProofing.icon */ = {isa = PBXFileReference; lastKnownFileType = folder; name = TypeProofing.icon; path = TypeProofing/Resources/TypeProofing.icon; sourceTree = SOURCE_ROOT; };
		CB6A16264E9C08EEB3511CAF /* SidebarView.swift */ = {isa = PBXFileReference; lastKnownFileType = sourcecode.swift; path = SidebarView.swift; sourceTree = "<group>"; };
		D4FC692BC2E944259717D652 /* FontSortBar.swift */ = {isa = PBXFileReference; lastKnownFileType = sourcecode.swift; path = FontSortBar.swift; sourceTree = "<group>"; };
		D7B45C6D0EF3F226D95AF506 /* SettingsPanelUITests.swift */ = {isa = PBXFileReference; lastKnownFileType = sourcecode.swift; path = SettingsPanelUITests.swift; sourceTree = "<group>"; };
		DDC0ABE964A6A37B5C6CBA33 /* StandardTextProofHandler.swift */ = {isa = PBXFileReference; lastKnownFileType = sourcecode.swift; path = StandardTextProofHandler.swift; sourceTree = "<group>"; };
		DF0A080F064F287805B720FC /* PreviewCoordinator.swift */ = {isa = PBXFileReference; lastKnownFileType = sourcecode.swift; path = PreviewCoordinator.swift; sourceTree = "<group>"; };
		E08999EA3927372A07ED47C4 /* ArabicProofHandler.swift */ = {isa = PBXFileReference; lastKnownFileType = sourcecode.swift; path = ArabicProofHandler.swift; sourceTree = "<group>"; };
		E493E6A783430EC1B5DCD13C /* README.md */ = {isa = PBXFileReference; lastKnownFileType = net.daringfireball.markdown; path = README.md; sourceTree = "<group>"; };
		E647C0F98E8D79FEC457A44B /* TypeProofingTests.xctest */ = {isa = PBXFileReference; explicitFileType = wrapper.cfbundle; includeInIndex = 0; path = TypeProofingTests.xctest; sourceTree = BUILT_PRODUCTS_DIR; };
		E8E1E4B6126B6875A3B0B8A4 /* NativeLibTests.swift */ = {isa = PBXFileReference; lastKnownFileType = sourcecode.swift; path = NativeLibTests.swift; sourceTree = "<group>"; };
		E8FB027921231229D0CEAE7D /* PDFViewerView.swift */ = {isa = PBXFileReference; lastKnownFileType = sourcecode.swift; path = PDFViewerView.swift; sourceTree = "<group>"; };
		ECF1B375578774D615ECE8FB /* accented_dictionary.json */ = {isa = PBXFileReference; lastKnownFileType = text.json; path = accented_dictionary.json; sourceTree = "<group>"; };
		F45325CD2D0F5DE8F5E86AE6 /* DiagnosticEventTests.swift */ = {isa = PBXFileReference; lastKnownFileType = sourcecode.swift; path = DiagnosticEventTests.swift; sourceTree = "<group>"; };
		FA1A8CE1E331CC135977A794 /* AutoSizing.swift */ = {isa = PBXFileReference; lastKnownFileType = sourcecode.swift; path = AutoSizing.swift; sourceTree = "<group>"; };
		FAD87F134E9B8DBB8F2496C5 /* NativeRendererTests.swift */ = {isa = PBXFileReference; lastKnownFileType = sourcecode.swift; path = NativeRendererTests.swift; sourceTree = "<group>"; };
/* End PBXFileReference section */

/* Begin PBXFrameworksBuildPhase section */
		8EEB318053FEF47A66119371 /* Frameworks */ = {
			isa = PBXFrameworksBuildPhase;
			buildActionMask = 2147483647;
			files = (
				7F08D0154437415AF5171C3A /* CompactSlider in Frameworks */,
			);
			runOnlyForDeploymentPostprocessing = 0;
		};
/* End PBXFrameworksBuildPhase section */

/* Begin PBXGroup section */
		0372BE76CE863F5FABB7593E /* Products */ = {
			isa = PBXGroup;
			children = (
				7D7FCB2FD81DBACB3AF8E10E /* TypeProofing.app */,
				E647C0F98E8D79FEC457A44B /* TypeProofingTests.xctest */,
				26064D6ECE40BB87275C3984 /* TypeProofingUITests.xctest */,
			);
			name = Products;
			sourceTree = "<group>";
		};
		1863C657ABD6958C3DFA5935 /* Sources */ = {
			isa = PBXGroup;
			children = (
				90438448008FA276EEC20F55 /* AppState.swift */,
				48C400F557AD777FB0D600E6 /* ContentView.swift */,
				B0F272E6A94B474DD21D5D59 /* FontAxesView.swift */,
				D4FC692BC2E944259717D652 /* FontSortBar.swift */,
				952879886E2B5AED1734715E /* FontSortCriterion.swift */,
				273F6D02473AD733F5E06051 /* FontsSection.swift */,
				20244E9C11E156EFEECBE024 /* FontStyleSelectionViews.swift */,
				9149A97ACE7210EC141D56B7 /* HoverComponents.swift */,
				E8FB027921231229D0CEAE7D /* PDFViewerView.swift */,
				DF0A080F064F287805B720FC /* PreviewCoordinator.swift */,
				8FD87BE6E04F0FA9E7911E43 /* ProofEngine.swift */,
				7B4B0E69F25CBAFA4C0B8F6E /* SettingsPanelView.swift */,
				060B814C28C6D21DD4FD0240 /* SidebarListRow.swift */,
				CB6A16264E9C08EEB3511CAF /* SidebarView.swift */,
				01C9B31020CDF64BC53338BE /* TypeProofingApp.swift */,
				31DCE999DDAC665373377130 /* NativeRenderer */,
			);
			path = Sources;
			sourceTree = "<group>";
		};
		31DCE999DDAC665373377130 /* NativeRenderer */ = {
			isa = PBXGroup;
			children = (
				E08999EA3927372A07ED47C4 /* ArabicProofHandler.swift */,
				FA1A8CE1E331CC135977A794 /* AutoSizing.swift */,
				139D72EDD338C62C3A1A36E1 /* BaselineGrid.swift */,
				847EA2F6D0EBBFEACD4E513E /* CategoryBasedProofHandler.swift */,
				6D94825326F627660F1F94DA /* CharacterCategorizer.swift */,
				ADAD0A47714C0E24BA6AA034 /* CustomTextProofHandler.swift */,
				0DACA62EBD634A63F96866A5 /* FontLoader.swift */,
				637D42E4A5FDEB7E3048C469 /* MarkupParser.swift */,
				8B81305C0FA41A952118E025 /* MarkupRenderer.swift */,
				068C71B7A6A8171F727C3909 /* MultiStyleComparisonHandler.swift */,
				9A01C3B5A3DAC3CC151E4C5F /* NativeProofOrchestrator.swift */,
				AE5EA27AB3815562B5010FDB /* PageLayout.swift */,
				8DE047F7FA06BAAFDC49B218 /* PDFRenderer.swift */,
				10DEC58529E1464FA15C0DF4 /* PremadeTexts.swift */,
				A54C94146CA123380C90AD6A /* ProofHandler.swift */,
				287884EA51D43FCCCEAB6F84 /* ProofRegistry.swift */,
				DDC0ABE964A6A37B5C6CBA33 /* StandardTextProofHandler.swift */,
				484CD527A6DEB09611556AC5 /* StylePairing.swift */,
				9E79E8F173A51D991F7E11D0 /* SubstitutionOverviewHandler.swift */,
				9DFE39EB2F60EB64E5190D0E /* TextGeneration.swift */,
				05376B8902F7416C8F3FFD22 /* TextRenderer.swift */,
				001D9684F32482754BB7F203 /* WordSivBridge.swift */,
			);
			path = NativeRenderer;
			sourceTree = "<group>";
		};
		3E986B4AF4A1D1A6C01A0F11 = {
			isa = PBXGroup;
			children = (
				5FCA9C300C3A943E71806A20 /* TypeProofing */,
				3FE5E18ED4F813D291CA6271 /* TypeProofingTests */,
				9195610AA1E92DFB458CBE6B /* TypeProofingUITests */,
				0372BE76CE863F5FABB7593E /* Products */,
			);
			sourceTree = "<group>";
		};
		3FE5E18ED4F813D291CA6271 /* TypeProofingTests */ = {
			isa = PBXGroup;
			children = (
				A4FD3ACDE87DD5BCB1817B49 /* CategoryBasedProofTests.swift */,
				F45325CD2D0F5DE8F5E86AE6 /* DiagnosticEventTests.swift */,
				2FE29A3FC52B8B0F55D20ABD /* MarkupParserTests.swift */,
				E8E1E4B6126B6875A3B0B8A4 /* NativeLibTests.swift */,
				FAD87F134E9B8DBB8F2496C5 /* NativeRendererTests.swift */,
				2EB15D5BCE44AC7E010EE7F9 /* NativeRendererVisualTest.swift */,
				9CA3DEF34F455645E68CFC17 /* ProofKeyTests.swift */,
				20072FA10054DB4F8288FFD8 /* StandardTextProofHandlerTests.swift */,
			);
			path = TypeProofingTests;
			sourceTree = "<group>";
		};
		5FCA9C300C3A943E71806A20 /* TypeProofing */ = {
			isa = PBXGroup;
			children = (
				BA27BFD7AFB52219707E5DF1 /* Resources */,
				1863C657ABD6958C3DFA5935 /* Sources */,
			);
			path = TypeProofing;
			sourceTree = "<group>";
		};
		9195610AA1E92DFB458CBE6B /* TypeProofingUITests */ = {
			isa = PBXGroup;
			children = (
				BD0FC932935540E76A1FC78A /* AppIntegrationUITests.swift */,
				04A8C01627880490D4A7E2E2 /* PageFormatUITests.swift */,
				E493E6A783430EC1B5DCD13C /* README.md */,
				D7B45C6D0EF3F226D95AF506 /* SettingsPanelUITests.swift */,
				9769F1DB175821D894C4A9FC /* SidebarFontsUITests.swift */,
				A23EF8E2D87DC6BA2B05BCFC /* SidebarProofsUITests.swift */,
			);
			path = TypeProofingUITests;
			sourceTree = "<group>";
		};
		BA27BFD7AFB52219707E5DF1 /* Resources */ = {
			isa = PBXGroup;
			children = (
				ECF1B375578774D615ECE8FB /* accented_dictionary.json */,
				97840A987134E3D7752BC503 /* Assets.car */,
				3D33E010FA40B61EFD0077A8 /* TypeProofing.icns */,
				C4D7DBC1455476D39F561233 /* TypeProofing.icon */,
			);
			path = Resources;
			sourceTree = "<group>";
		};
/* End PBXGroup section */

/* Begin PBXNativeTarget section */
		BAE3CC0C28A554694069DE13 /* TypeProofing */ = {
			isa = PBXNativeTarget;
			buildConfigurationList = 3779E817181D68D1FBD6CDAF /* Build configuration list for PBXNativeTarget "TypeProofing" */;
			buildPhases = (
				4CF8EDADFC2A28B5355D6612 /* Sources */,
				DBB74F200945AC77C16FDC8B /* Resources */,
				8EEB318053FEF47A66119371 /* Frameworks */,
			);
			buildRules = (
			);
			dependencies = (
			);
			name = TypeProofing;
			packageProductDependencies = (
				8006429CDD05A4A2BF2649AA /* CompactSlider */,
			);
			productName = TypeProofing;
			productReference = 7D7FCB2FD81DBACB3AF8E10E /* TypeProofing.app */;
			productType = "com.apple.product-type.application";
		};
		EBE13540A18790AF98B6F076 /* TypeProofingUITests */ = {
			isa = PBXNativeTarget;
			buildConfigurationList = 0A3E3B73436BC809DF73AD29 /* Build configuration list for PBXNativeTarget "TypeProofingUITests" */;
			buildPhases = (
				E81012DC63C0938254ED163E /* Sources */,
				CFAA7F6BDC4CDD49483FC1C6 /* Resources */,
			);
			buildRules = (
			);
			dependencies = (
				BE3BC384D5C27FFBC77EC823 /* PBXTargetDependency */,
			);
			name = TypeProofingUITests;
			packageProductDependencies = (
			);
			productName = TypeProofingUITests;
			productReference = 26064D6ECE40BB87275C3984 /* TypeProofingUITests.xctest */;
			productType = "com.apple.product-type.bundle.ui-testing";
		};
		FF48B1958EBCBFA95A295041 /* TypeProofingTests */ = {
			isa = PBXNativeTarget;
			buildConfigurationList = 448340DEF843C14D64EE3C78 /* Build configuration list for PBXNativeTarget "TypeProofingTests" */;
			buildPhases = (
				BF21D3994341AB473444C98D /* Sources */,
			);
			buildRules = (
			);
			dependencies = (
				0C31ED7BBE480901345FB8EB /* PBXTargetDependency */,
			);
			name = TypeProofingTests;
			packageProductDependencies = (
			);
			productName = TypeProofingTests;
			productReference = E647C0F98E8D79FEC457A44B /* TypeProofingTests.xctest */;
			productType = "com.apple.product-type.bundle.unit-test";
		};
/* End PBXNativeTarget section */

/* Begin PBXProject section */
		C2CE3C2E921F89A0B4DC4B21 /* Project object */ = {
			isa = PBXProject;
			attributes = {
				BuildIndependentTargetsInParallel = YES;
				LastUpgradeCheck = 1600;
				TargetAttributes = {
					EBE13540A18790AF98B6F076 = {
						TestTargetID = BAE3CC0C28A554694069DE13;
					};
				};
			};
			buildConfigurationList = D1E50765D5A62C2F789978C4 /* Build configuration list for PBXProject "TypeProofing" */;
			developmentRegion = en;
			hasScannedForEncodings = 0;
			knownRegions = (
				Base,
				en,
			);
			mainGroup = 3E986B4AF4A1D1A6C01A0F11;
			minimizedProjectReferenceProxies = 1;
			packageReferences = (
				D562964BC754D869F814EB77 /* XCRemoteSwiftPackageReference "CompactSlider" */,
			);
			preferredProjectObjectVersion = 77;
			productRefGroup = 0372BE76CE863F5FABB7593E /* Products */;
			projectDirPath = "";
			projectRoot = "";
			targets = (
				BAE3CC0C28A554694069DE13 /* TypeProofing */,
				FF48B1958EBCBFA95A295041 /* TypeProofingTests */,
				EBE13540A18790AF98B6F076 /* TypeProofingUITests */,
			);
		};
/* End PBXProject section */

/* Begin PBXResourcesBuildPhase section */
		CFAA7F6BDC4CDD49483FC1C6 /* Resources */ = {
			isa = PBXResourcesBuildPhase;
			buildActionMask = 2147483647;
			files = (
				0E9398AE32C814E4C7DEF9CB /* README.md in Resources */,
			);
			runOnlyForDeploymentPostprocessing = 0;
		};
		DBB74F200945AC77C16FDC8B /* Resources */ = {
			isa = PBXResourcesBuildPhase;
			buildActionMask = 2147483647;
			files = (
				21C09CBC972E6F495E0A7326 /* Assets.car in Resources */,
				38B4777F7E10599BBCAF4709 /* TypeProofing.icns in Resources */,
				715D052D7C5F69805DE3672A /* TypeProofing.icon in Resources */,
				DD978AF718BE379A244EEB07 /* accented_dictionary.json in Resources */,
			);
			runOnlyForDeploymentPostprocessing = 0;
		};
/* End PBXResourcesBuildPhase section */

/* Begin PBXSourcesBuildPhase section */
		4CF8EDADFC2A28B5355D6612 /* Sources */ = {
			isa = PBXSourcesBuildPhase;
			buildActionMask = 2147483647;
			files = (
				43E7BC229EB9768F13C0F01F /* AppState.swift in Sources */,
				CD23AE3576C1F1ABE9992E1D /* ArabicProofHandler.swift in Sources */,
				3D74AB9AD80AA0E7F4CF0D3D /* AutoSizing.swift in Sources */,
				9E16D951EF91048A581F455B /* BaselineGrid.swift in Sources */,
				7B1B1C7A8709043BFD7DD199 /* CategoryBasedProofHandler.swift in Sources */,
				9CCC61FC3515794C633AA542 /* CharacterCategorizer.swift in Sources */,
				457FF62F4F3CCE0E91736B14 /* ContentView.swift in Sources */,
				AD1BD609EA57591212850E8C /* CustomTextProofHandler.swift in Sources */,
				5488A51BBC4C8CEFEDBF0B7F /* FontAxesView.swift in Sources */,
				6253C1D975968BD80E841073 /* FontLoader.swift in Sources */,
				880D61EF3AA51984F5346902 /* FontSortBar.swift in Sources */,
				9B04D2520B52A9656AB91FBD /* FontSortCriterion.swift in Sources */,
				82C4CA005FD6D556C4B9743E /* FontStyleSelectionViews.swift in Sources */,
				95D0EB1AEABF12F46DCC7153 /* FontsSection.swift in Sources */,
				2D1FC97C23A2CF0042055394 /* HoverComponents.swift in Sources */,
				71A67F205B144DEFBCBD821B /* MarkupParser.swift in Sources */,
				66DD1E15762DD3C09DA6AA64 /* MarkupRenderer.swift in Sources */,
				BB22BF8CA14517A1807EDC8B /* MultiStyleComparisonHandler.swift in Sources */,
				E171F8C849E8499416E8235E /* NativeProofOrchestrator.swift in Sources */,
				D94AEFEA10A22A4042E5EDEF /* PDFRenderer.swift in Sources */,
				7A6BE132E1E3936AFBD08415 /* PDFViewerView.swift in Sources */,
				C4C20F3DA3D399F94DD4A540 /* PageLayout.swift in Sources */,
				83F1C4A4127809CFC5F250F6 /* PremadeTexts.swift in Sources */,
				310FE15D73EEDCF9C6C08195 /* PreviewCoordinator.swift in Sources */,
				AC25D54500E6445CC063E8A1 /* ProofEngine.swift in Sources */,
				C31BBFD6AE06BD76CAB4371A /* ProofHandler.swift in Sources */,
				2EB6F7B9AFBA876B757CAD8B /* ProofRegistry.swift in Sources */,
				01D7394CB1127DDAFAE38060 /* SettingsPanelView.swift in Sources */,
				C41270685BDB2A73E78F40EE /* SidebarListRow.swift in Sources */,
				E32DCA9C5FC9891E84C58AE5 /* SidebarView.swift in Sources */,
				50A0851CFC5E9C78F388FEA3 /* StandardTextProofHandler.swift in Sources */,
				93BCBF733AD54165757D9FA2 /* StylePairing.swift in Sources */,
				27E33FE39DA57A7C34AF4460 /* SubstitutionOverviewHandler.swift in Sources */,
				06E133A552895E1560263B62 /* TextGeneration.swift in Sources */,
				124D5468383A95000BA16898 /* TextRenderer.swift in Sources */,
				2E1F606AC843602F4C5E60CA /* TypeProofingApp.swift in Sources */,
				CEDF4B94D516B35C8E407464 /* WordSivBridge.swift in Sources */,
			);
			runOnlyForDeploymentPostprocessing = 0;
		};
		BF21D3994341AB473444C98D /* Sources */ = {
			isa = PBXSourcesBuildPhase;
			buildActionMask = 2147483647;
			files = (
				F51968630D9CC31DF8C4D10E /* CategoryBasedProofTests.swift in Sources */,
				CDBEC215222250315A9455BA /* DiagnosticEventTests.swift in Sources */,
				869506F19966BC4F35BB8FF3 /* MarkupParserTests.swift in Sources */,
				5F2F26533D430C28E37DDC07 /* NativeLibTests.swift in Sources */,
				B8DB1279EF622CD1F846D51E /* NativeRendererTests.swift in Sources */,
				F0B35510EF66908784EBB5AC /* NativeRendererVisualTest.swift in Sources */,
				5C2C5BB759A10148FDA051E1 /* ProofKeyTests.swift in Sources */,
				BB4B694E5E2FDD2EA2DBC5BE /* StandardTextProofHandlerTests.swift in Sources */,
			);
			runOnlyForDeploymentPostprocessing = 0;
		};
		E81012DC63C0938254ED163E /* Sources */ = {
			isa = PBXSourcesBuildPhase;
			buildActionMask = 2147483647;
			files = (
				DEA298B94D1B2EDD940F98EB /* AppIntegrationUITests.swift in Sources */,
				DD85863B71C3B3C5F5F450C0 /* PageFormatUITests.swift in Sources */,
				9E787FB53F11627158613C87 /* SettingsPanelUITests.swift in Sources */,
				FD52641F8E8B8E9BBFE05C06 /* SidebarFontsUITests.swift in Sources */,
				CA97A1D89D6983F077D330E4 /* SidebarProofsUITests.swift in Sources */,
			);
			runOnlyForDeploymentPostprocessing = 0;
		};
/* End PBXSourcesBuildPhase section */

/* Begin PBXTargetDependency section */
		0C31ED7BBE480901345FB8EB /* PBXTargetDependency */ = {
			isa = PBXTargetDependency;
			target = BAE3CC0C28A554694069DE13 /* TypeProofing */;
			targetProxy = 525974258E35A7B9F1A3C840 /* PBXContainerItemProxy */;
		};
		BE3BC384D5C27FFBC77EC823 /* PBXTargetDependency */ = {
			isa = PBXTargetDependency;
			target = BAE3CC0C28A554694069DE13 /* TypeProofing */;
			targetProxy = 14E360DF2C2A09F6F77F2FD3 /* PBXContainerItemProxy */;
		};
/* End PBXTargetDependency section */

/* Begin XCBuildConfiguration section */
		4C0EE29000F9F53499E0CEAC /* Release */ = {
			isa = XCBuildConfiguration;
			buildSettings = {
				BUNDLE_LOADER = "$(TEST_HOST)";
				COMBINE_HIDPI_IMAGES = YES;
				GENERATE_INFOPLIST_FILE = YES;
				LD_RUNPATH_SEARCH_PATHS = (
					"$(inherited)",
					"@executable_path/../Frameworks",
					"@loader_path/../Frameworks",
				);
				LIBRARY_SEARCH_PATHS = (
					"$(inherited)",
					"$(SRCROOT)/NativeLib",
				);
				MACOSX_DEPLOYMENT_TARGET = 13.0;
				OTHER_LDFLAGS = (
					"$(inherited)",
					"-ltpnative",
				);
				PRODUCT_BUNDLE_IDENTIFIER = com.dograytype.TypeProofingTests;
				SDKROOT = macosx;
				SWIFT_INCLUDE_PATHS = (
					"$(inherited)",
					"$(SRCROOT)/NativeLib/include",
				);
				SWIFT_VERSION = 5.9;
				TEST_HOST = "$(BUILT_PRODUCTS_DIR)/TypeProofing.app/Contents/MacOS/TypeProofing";
			};
			name = Release;
		};
		667A7292847C88DD778A4A50 /* Release */ = {
			isa = XCBuildConfiguration;
			buildSettings = {
				ASSETCATALOG_COMPILER_APPICON_NAME = AppIcon;
				CODE_SIGN_ENTITLEMENTS = TypeProofing/TypeProofing.entitlements;
				COMBINE_HIDPI_IMAGES = YES;
				CURRENT_PROJECT_VERSION = 1;
				INFOPLIST_FILE = TypeProofing/Info.plist;
				LD_RUNPATH_SEARCH_PATHS = (
					"$(inherited)",
					"@executable_path/../Frameworks",
				);
				LIBRARY_SEARCH_PATHS = (
					"$(inherited)",
					"$(SRCROOT)/NativeLib",
				);
				MACOSX_DEPLOYMENT_TARGET = 13.0;
				MARKETING_VERSION = 2.0.0;
				OTHER_LDFLAGS = (
					"$(inherited)",
					"-ltpnative",
				);
				PRODUCT_BUNDLE_IDENTIFIER = com.dograytype.typeproofing;
				SDKROOT = macosx;
				SWIFT_INCLUDE_PATHS = (
					"$(inherited)",
					"$(SRCROOT)/NativeLib/include",
				);
				SWIFT_VERSION = 5.9;
			};
			name = Release;
		};
		A74AC147E112FDE39FBF41BD /* Debug */ = {
			isa = XCBuildConfiguration;
			buildSettings = {
				ALWAYS_SEARCH_USER_PATHS = NO;
				CLANG_ANALYZER_NONNULL = YES;
				CLANG_ANALYZER_NUMBER_OBJECT_CONVERSION = YES_AGGRESSIVE;
				CLANG_CXX_LANGUAGE_STANDARD = "gnu++14";
				CLANG_CXX_LIBRARY = "libc++";
				CLANG_ENABLE_MODULES = YES;
				CLANG_ENABLE_OBJC_ARC = YES;
				CLANG_ENABLE_OBJC_WEAK = YES;
				CLANG_WARN_BLOCK_CAPTURE_AUTORELEASING = YES;
				CLANG_WARN_BOOL_CONVERSION = YES;
				CLANG_WARN_COMMA = YES;
				CLANG_WARN_CONSTANT_CONVERSION = YES;
				CLANG_WARN_DEPRECATED_OBJC_IMPLEMENTATIONS = YES;
				CLANG_WARN_DIRECT_OBJC_ISA_USAGE = YES_ERROR;
				CLANG_WARN_DOCUMENTATION_COMMENTS = YES;
				CLANG_WARN_EMPTY_BODY = YES;
				CLANG_WARN_ENUM_CONVERSION = YES;
				CLANG_WARN_INFINITE_RECURSION = YES;
				CLANG_WARN_INT_CONVERSION = YES;
				CLANG_WARN_NON_LITERAL_NULL_CONVERSION = YES;
				CLANG_WARN_OBJC_IMPLICIT_RETAIN_SELF = YES;
				CLANG_WARN_OBJC_LITERAL_CONVERSION = YES;
				CLANG_WARN_OBJC_ROOT_CLASS = YES_ERROR;
				CLANG_WARN_QUOTED_INCLUDE_IN_FRAMEWORK_HEADER = YES;
				CLANG_WARN_RANGE_LOOP_ANALYSIS = YES;
				CLANG_WARN_STRICT_PROTOTYPES = YES;
				CLANG_WARN_SUSPICIOUS_MOVE = YES;
				CLANG_WARN_UNGUARDED_AVAILABILITY = YES_AGGRESSIVE;
				CLANG_WARN_UNREACHABLE_CODE = YES;
				CLANG_WARN__DUPLICATE_METHOD_MATCH = YES;
				COPY_PHASE_STRIP = NO;
				DEBUG_INFORMATION_FORMAT = dwarf;
				ENABLE_STRICT_OBJC_MSGSEND = YES;
				ENABLE_TESTABILITY = YES;
				GCC_C_LANGUAGE_STANDARD = gnu11;
				GCC_DYNAMIC_NO_PIC = NO;
				GCC_NO_COMMON_BLOCKS = YES;
				GCC_OPTIMIZATION_LEVEL = 0;
				GCC_PREPROCESSOR_DEFINITIONS = (
					"$(inherited)",
					"DEBUG=1",
				);
				GCC_WARN_64_TO_32_BIT_CONVERSION = YES;
				GCC_WARN_ABOUT_RETURN_TYPE = YES_ERROR;
				GCC_WARN_UNDECLARED_SELECTOR = YES;
				GCC_WARN_UNINITIALIZED_AUTOS = YES_AGGRESSIVE;
				GCC_WARN_UNUSED_FUNCTION = YES;
				GCC_WARN_UNUSED_VARIABLE = YES;
				MACOSX_DEPLOYMENT_TARGET = 13.0;
				MTL_ENABLE_DEBUG_INFO = INCLUDE_SOURCE;
				MTL_FAST_MATH = YES;
				ONLY_ACTIVE_ARCH = YES;
				PRODUCT_NAME = "$(TARGET_NAME)";
				SDKROOT = macosx;
				SWIFT_ACTIVE_COMPILATION_CONDITIONS = DEBUG;
				SWIFT_OPTIMIZATION_LEVEL = "-Onone";
				SWIFT_VERSION = 5.0;
			};
			name = Debug;
		};
		ADD95A4EAC36DE165A93A116 /* Debug */ = {
			isa = XCBuildConfiguration;
			buildSettings = {
				ASSETCATALOG_COMPILER_APPICON_NAME = AppIcon;
				CODE_SIGN_ENTITLEMENTS = TypeProofing/TypeProofing.entitlements;
				COMBINE_HIDPI_IMAGES = YES;
				CURRENT_PROJECT_VERSION = 1;
				INFOPLIST_FILE = TypeProofing/Info.plist;
				LD_RUNPATH_SEARCH_PATHS = (
					"$(inherited)",
					"@executable_path/../Frameworks",
				);
				LIBRARY_SEARCH_PATHS = (
					"$(inherited)",
					"$(SRCROOT)/NativeLib",
				);
				MACOSX_DEPLOYMENT_TARGET = 13.0;
				MARKETING_VERSION = 2.0.0;
				OTHER_LDFLAGS = (
					"$(inherited)",
					"-ltpnative",
				);
				PRODUCT_BUNDLE_IDENTIFIER = com.dograytype.typeproofing;
				SDKROOT = macosx;
				SWIFT_INCLUDE_PATHS = (
					"$(inherited)",
					"$(SRCROOT)/NativeLib/include",
				);
				SWIFT_VERSION = 5.9;
			};
			name = Debug;
		};
		EB538DF370647D1E5FEE8873 /* Debug */ = {
			isa = XCBuildConfiguration;
			buildSettings = {
				BUNDLE_LOADER = "$(TEST_HOST)";
				COMBINE_HIDPI_IMAGES = YES;
				GENERATE_INFOPLIST_FILE = YES;
				LD_RUNPATH_SEARCH_PATHS = (
					"$(inherited)",
					"@executable_path/Frameworks",
					"@loader_path/Frameworks",
				);
				MACOSX_DEPLOYMENT_TARGET = 13.0;
				PRODUCT_BUNDLE_IDENTIFIER = com.dograytype.TypeProofingUITests;
				SDKROOT = macosx;
				SWIFT_VERSION = 5.9;
				TEST_TARGET_NAME = TypeProofing;
			};
			name = Debug;
		};
		ECA1B29113712BD5E2689115 /* Release */ = {
			isa = XCBuildConfiguration;
			buildSettings = {
				BUNDLE_LOADER = "$(TEST_HOST)";
				COMBINE_HIDPI_IMAGES = YES;
				GENERATE_INFOPLIST_FILE = YES;
				LD_RUNPATH_SEARCH_PATHS = (
					"$(inherited)",
					"@executable_path/Frameworks",
					"@loader_path/Frameworks",
				);
				MACOSX_DEPLOYMENT_TARGET = 13.0;
				PRODUCT_BUNDLE_IDENTIFIER = com.dograytype.TypeProofingUITests;
				SDKROOT = macosx;
				SWIFT_VERSION = 5.9;
				TEST_TARGET_NAME = TypeProofing;
			};
			name = Release;
		};
		F47C57E657EAF3058FD07375 /* Debug */ = {
			isa = XCBuildConfiguration;
			buildSettings = {
				BUNDLE_LOADER = "$(TEST_HOST)";
				COMBINE_HIDPI_IMAGES = YES;
				GENERATE_INFOPLIST_FILE = YES;
				LD_RUNPATH_SEARCH_PATHS = (
					"$(inherited)",
					"@executable_path/../Frameworks",
					"@loader_path/../Frameworks",
				);
				LIBRARY_SEARCH_PATHS = (
					"$(inherited)",
					"$(SRCROOT)/NativeLib",
				);
				MACOSX_DEPLOYMENT_TARGET = 13.0;
				OTHER_LDFLAGS = (
					"$(inherited)",
					"-ltpnative",
				);
				PRODUCT_BUNDLE_IDENTIFIER = com.dograytype.TypeProofingTests;
				SDKROOT = macosx;
				SWIFT_INCLUDE_PATHS = (
					"$(inherited)",
					"$(SRCROOT)/NativeLib/include",
				);
				SWIFT_VERSION = 5.9;
				TEST_HOST = "$(BUILT_PRODUCTS_DIR)/TypeProofing.app/Contents/MacOS/TypeProofing";
			};
			name = Debug;
		};
		F80F81B084C630F724E4E98C /* Release */ = {
			isa = XCBuildConfiguration;
			buildSettings = {
				ALWAYS_SEARCH_USER_PATHS = NO;
				CLANG_ANALYZER_NONNULL = YES;
				CLANG_ANALYZER_NUMBER_OBJECT_CONVERSION = YES_AGGRESSIVE;
				CLANG_CXX_LANGUAGE_STANDARD = "gnu++14";
				CLANG_CXX_LIBRARY = "libc++";
				CLANG_ENABLE_MODULES = YES;
				CLANG_ENABLE_OBJC_ARC = YES;
				CLANG_ENABLE_OBJC_WEAK = YES;
				CLANG_WARN_BLOCK_CAPTURE_AUTORELEASING = YES;
				CLANG_WARN_BOOL_CONVERSION = YES;
				CLANG_WARN_COMMA = YES;
				CLANG_WARN_CONSTANT_CONVERSION = YES;
				CLANG_WARN_DEPRECATED_OBJC_IMPLEMENTATIONS = YES;
				CLANG_WARN_DIRECT_OBJC_ISA_USAGE = YES_ERROR;
				CLANG_WARN_DOCUMENTATION_COMMENTS = YES;
				CLANG_WARN_EMPTY_BODY = YES;
				CLANG_WARN_ENUM_CONVERSION = YES;
				CLANG_WARN_INFINITE_RECURSION = YES;
				CLANG_WARN_INT_CONVERSION = YES;
				CLANG_WARN_NON_LITERAL_NULL_CONVERSION = YES;
				CLANG_WARN_OBJC_IMPLICIT_RETAIN_SELF = YES;
				CLANG_WARN_OBJC_LITERAL_CONVERSION = YES;
				CLANG_WARN_OBJC_ROOT_CLASS = YES_ERROR;
				CLANG_WARN_QUOTED_INCLUDE_IN_FRAMEWORK_HEADER = YES;
				CLANG_WARN_RANGE_LOOP_ANALYSIS = YES;
				CLANG_WARN_STRICT_PROTOTYPES = YES;
				CLANG_WARN_SUSPICIOUS_MOVE = YES;
				CLANG_WARN_UNGUARDED_AVAILABILITY = YES_AGGRESSIVE;
				CLANG_WARN_UNREACHABLE_CODE = YES;
				CLANG_WARN__DUPLICATE_METHOD_MATCH = YES;
				COPY_PHASE_STRIP = NO;
				DEBUG_INFORMATION_FORMAT = "dwarf-with-dsym";
				ENABLE_NS_ASSERTIONS = NO;
				ENABLE_STRICT_OBJC_MSGSEND = YES;
				GCC_C_LANGUAGE_STANDARD = gnu11;
				GCC_NO_COMMON_BLOCKS = YES;
				GCC_WARN_64_TO_32_BIT_CONVERSION = YES;
				GCC_WARN_ABOUT_RETURN_TYPE = YES_ERROR;
				GCC_WARN_UNDECLARED_SELECTOR = YES;
				GCC_WARN_UNINITIALIZED_AUTOS = YES_AGGRESSIVE;
				GCC_WARN_UNUSED_FUNCTION = YES;
				GCC_WARN_UNUSED_VARIABLE = YES;
				MACOSX_DEPLOYMENT_TARGET = 13.0;
				MTL_ENABLE_DEBUG_INFO = NO;
				MTL_FAST_MATH = YES;
				PRODUCT_NAME = "$(TARGET_NAME)";
				SDKROOT = macosx;
				SWIFT_COMPILATION_MODE = wholemodule;
				SWIFT_OPTIMIZATION_LEVEL = "-O";
				SWIFT_VERSION = 5.0;
			};
			name = Release;
		};
/* End XCBuildConfiguration section */

/* Begin XCConfigurationList section */
		0A3E3B73436BC809DF73AD29 /* Build configuration list for PBXNativeTarget "TypeProofingUITests" */ = {
			isa = XCConfigurationList;
			buildConfigurations = (
				EB538DF370647D1E5FEE8873 /* Debug */,
				ECA1B29113712BD5E2689115 /* Release */,
			);
			defaultConfigurationIsVisible = 0;
			defaultConfigurationName = Debug;
		};
		3779E817181D68D1FBD6CDAF /* Build configuration list for PBXNativeTarget "TypeProofing" */ = {
			isa = XCConfigurationList;
			buildConfigurations = (
				ADD95A4EAC36DE165A93A116 /* Debug */,
				667A7292847C88DD778A4A50 /* Release */,
			);
			defaultConfigurationIsVisible = 0;
			defaultConfigurationName = Debug;
		};
		448340DEF843C14D64EE3C78 /* Build configuration list for PBXNativeTarget "TypeProofingTests" */ = {
			isa = XCConfigurationList;
			buildConfigurations = (
				F47C57E657EAF3058FD07375 /* Debug */,
				4C0EE29000F9F53499E0CEAC /* Release */,
			);
			defaultConfigurationIsVisible = 0;
			defaultConfigurationName = Debug;
		};
		D1E50765D5A62C2F789978C4 /* Build configuration list for PBXProject "TypeProofing" */ = {
			isa = XCConfigurationList;
			buildConfigurations = (
				A74AC147E112FDE39FBF41BD /* Debug */,
				F80F81B084C630F724E4E98C /* Release */,
			);
			defaultConfigurationIsVisible = 0;
			defaultConfigurationName = Debug;
		};
/* End XCConfigurationList section */

/* Begin XCRemoteSwiftPackageReference section */
		D562964BC754D869F814EB77 /* XCRemoteSwiftPackageReference "CompactSlider" */ = {
			isa = XCRemoteSwiftPackageReference;
			repositoryURL = "https://github.com/buh/CompactSlider.git";
			requirement = {
				kind = upToNextMajorVersion;
				minimumVersion = 2.1.0;
			};
		};
/* End XCRemoteSwiftPackageReference section */

/* Begin XCSwiftPackageProductDependency section */
		8006429CDD05A4A2BF2649AA /* CompactSlider */ = {
			isa = XCSwiftPackageProductDependency;
			package = D562964BC754D869F814EB77 /* XCRemoteSwiftPackageReference "CompactSlider" */;
			productName = CompactSlider;
		};
/* End XCSwiftPackageProductDependency section */
	};
	rootObject = C2CE3C2E921F89A0B4DC4B21 /* Project object */;
}
